
Microsoft Visual Studio Solution File, Format Version 12.00
# Visual Studio Version 16
VisualStudioVersion = 16.0.30523.141
MinimumVisualStudioVersion = 10.0.40219.1
Project("{9A19103F-16F7-4668-BE54-9A1E7A4F7556}") = "aspnetcore-with-openid-connect", "aspnetcore-with-openid-connect.csproj", "{2FA7E463-7477-40A9-9D06-66FE6EBCD466}"
EndProject
Global
	GlobalSection(SolutionConfigurationPlatforms) = preSolution
		Debug|Any CPU = Debug|Any CPU
		Release|Any CPU = Release|Any CPU
	EndGlobalSection
	GlobalSection(ProjectConfigurationPlatforms) = postSolution
		{2FA7E463-7477-40A9-9D06-66FE6EBCD466}.Debug|Any CPU.ActiveCfg = Debug|Any CPU
		{2FA7E463-7477-40A9-9D06-66FE6EBCD466}.Debug|Any CPU.Build.0 = Debug|Any CPU
		{2FA7E463-7477-40A9-9D06-66FE6EBCD466}.Release|Any CPU.ActiveCfg = Release|Any CPU
		{2FA7E463-7477-40A9-9D06-66FE6EBCD466}.Release|Any CPU.Build.0 = Release|Any CPU
	EndGlobalSection
	GlobalSection(SolutionProperties) = preSolution
		HideSolutionNode = FALSE
	EndGlobalSection
	GlobalSection(ExtensibilityGlobals) = postSolution
		SolutionGuid = {9C2C0B3D-F199-4A66-888D-88A605216640}
	EndGlobalSection
EndGlobal
